// !$*UTF8*$!
{
	archiveVersion = 1;
	classes = {
	};
	objectVersion = 46;
	objects = {

/* Begin PBXBuildFile section */
		E13B69391CA1B285003BFC5D /* AppDelegate.swift in Sources */ = {isa = PBXBuildFile; fileRef = E13B69381CA1B285003BFC5D /* AppDelegate.swift */; };
		E13B693E1CA1B285003BFC5D /* Main.storyboard in Resources */ = {isa = PBXBuildFile; fileRef = E13B693C1CA1B285003BFC5D /* Main.storyboard */; };
		E13B69401CA1B285003BFC5D /* Assets.xcassets in Resources */ = {isa = PBXBuildFile; fileRef = E13B693F1CA1B285003BFC5D /* Assets.xcassets */; };
		E13B69431CA1B285003BFC5D /* LaunchScreen.storyboard in Resources */ = {isa = PBXBuildFile; fileRef = E13B69411CA1B285003BFC5D /* LaunchScreen.storyboard */; };
		E13B694D1CA1CFF9003BFC5D /* TopShowCollectionViewController.swift in Sources */ = {isa = PBXBuildFile; fileRef = E13B694C1CA1CFF9003BFC5D /* TopShowCollectionViewController.swift */; };
		E13B69511CA1D190003BFC5D /* Show.swift in Sources */ = {isa = PBXBuildFile; fileRef = E13B69501CA1D190003BFC5D /* Show.swift */; };
		E13B69531CA1D1A0003BFC5D /* ShowList.swift in Sources */ = {isa = PBXBuildFile; fileRef = E13B69521CA1D1A0003BFC5D /* ShowList.swift */; };
		E13B69551CA1D1C3003BFC5D /* ShowCollectionViewCell.swift in Sources */ = {isa = PBXBuildFile; fileRef = E13B69541CA1D1C3003BFC5D /* ShowCollectionViewCell.swift */; };
		E1F899DD1CA3402300B33EDD /* ShowLayout.swift in Sources */ = {isa = PBXBuildFile; fileRef = E1F899DC1CA3402300B33EDD /* ShowLayout.swift */; };
/* End PBXBuildFile section */

/* Begin PBXFileReference section */
		E13B69351CA1B285003BFC5D /* TopShow.app */ = {isa = PBXFileReference; explicitFileType = wrapper.application; includeInIndex = 0; path = TopShow.app; sourceTree = BUILT_PRODUCTS_DIR; };
		E13B69381CA1B285003BFC5D /* AppDelegate.swift */ = {isa = PBXFileReference; lastKnownFileType = sourcecode.swift; path = AppDelegate.swift; sourceTree = "<group>"; };
		E13B693D1CA1B285003BFC5D /* Base */ = {isa = PBXFileReference; lastKnownFileType = file.storyboard; name = Base; path = Base.lproj/Main.storyboard; sourceTree = "<group>"; };
		E13B693F1CA1B285003BFC5D /* Assets.xcassets */ = {isa = PBXFileReference; lastKnownFileType = folder.assetcatalog; path = Assets.xcassets; sourceTree = "<group>"; };
		E13B69421CA1B285003BFC5D /* Base */ = {isa = PBXFileReference; lastKnownFileType = file.storyboard; name = Base; path = Base.lproj/LaunchScreen.storyboard; sourceTree = "<group>"; };
		E13B69441CA1B285003BFC5D /* Info.plist */ = {isa = PBXFileReference; lastKnownFileType = text.plist.xml; path = Info.plist; sourceTree = "<group>"; };
		E13B694C1CA1CFF9003BFC5D /* TopShowCollectionViewController.swift */ = {isa = PBXFileReference; fileEncoding = 4; lastKnownFileType = sourcecode.swift; path = TopShowCollectionViewController.swift; sourceTree = "<group>"; };
		E13B69501CA1D190003BFC5D /* Show.swift */ = {isa = PBXFileReference; fileEncoding = 4; lastKnownFileType = sourcecode.swift; path = Show.swift; sourceTree = "<group>"; };
		E13B69521CA1D1A0003BFC5D /* ShowList.swift */ = {isa = PBXFileReference; fileEncoding = 4; lastKnownFileType = sourcecode.swift; path = ShowList.swift; sourceTree = "<group>"; };
		E13B69541CA1D1C3003BFC5D /* ShowCollectionViewCell.swift */ = {isa = PBXFileReference; fileEncoding = 4; lastKnownFileType = sourcecode.swift; path = ShowCollectionViewCell.swift; sourceTree = "<group>"; };
		E1F899DC1CA3402300B33EDD /* ShowLayout.swift */ = {isa = PBXFileReference; fileEncoding = 4; lastKnownFileType = sourcecode.swift; path = ShowLayout.swift; sourceTree = "<group>"; };
/* End PBXFileReference section */

/* Begin PBXFrameworksBuildPhase section */
		E13B69321CA1B285003BFC5D /* Frameworks */ = {
			isa = PBXFrameworksBuildPhase;
			buildActionMask = 2147483647;
			files = (
			);
			runOnlyForDeploymentPostprocessing = 0;
		};
/* End PBXFrameworksBuildPhase section */

/* Begin PBXGroup section */
		E13B692C1CA1B285003BFC5D = {
			isa = PBXGroup;
			children = (
				E13B69371CA1B285003BFC5D /* TopShow */,
				E13B69361CA1B285003BFC5D /* Products */,
			);
			sourceTree = "<group>";
		};
		E13B69361CA1B285003BFC5D /* Products */ = {
			isa = PBXGroup;
			children = (
				E13B69351CA1B285003BFC5D /* TopShow.app */,
			);
			name = Products;
			sourceTree = "<group>";
		};
		E13B69371CA1B285003BFC5D /* TopShow */ = {
			isa = PBXGroup;
			children = (
				E13B69381CA1B285003BFC5D /* AppDelegate.swift */,
				E13B694C1CA1CFF9003BFC5D /* TopShowCollectionViewController.swift */,
				E13B69501CA1D190003BFC5D /* Show.swift */,
				E13B69521CA1D1A0003BFC5D /* ShowList.swift */,
				E13B69541CA1D1C3003BFC5D /* ShowCollectionViewCell.swift */,
				E1F899DC1CA3402300B33EDD /* ShowLayout.swift */,
				E13B693C1CA1B285003BFC5D /* Main.storyboard */,
				E13B693F1CA1B285003BFC5D /* Assets.xcassets */,
				E13B69411CA1B285003BFC5D /* LaunchScreen.storyboard */,
				E13B69441CA1B285003BFC5D /* Info.plist */,
			);
			path = TopShow;
			sourceTree = "<group>";
		};
/* End PBXGroup section */

/* Begin PBXNativeTarget section */
		E13B69341CA1B285003BFC5D /* TopShow */ = {
			isa = PBXNativeTarget;
			buildConfigurationList = E13B69471CA1B285003BFC5D /* Build configuration list for PBXNativeTarget "TopShow" */;
			buildPhases = (
				E13B69311CA1B285003BFC5D /* Sources */,
				E13B69321CA1B285003BFC5D /* Frameworks */,
				E13B69331CA1B285003BFC5D /* Resources */,
			);
			buildRules = (
			);
			dependencies = (
			);
			name = TopShow;
			productName = TopShow;
			productReference = E13B69351CA1B285003BFC5D /* TopShow.app */;
			productType = "com.apple.product-type.application";
		};
/* End PBXNativeTarget section */

/* Begin PBXProject section */
		E13B692D1CA1B285003BFC5D /* Project object */ = {
			isa = PBXProject;
			attributes = {
				LastSwiftUpdateCheck = 0730;
				LastUpgradeCheck = 0730;
				ORGANIZATIONNAME = "Jared Franzone";
				TargetAttributes = {
					E13B69341CA1B285003BFC5D = {
						CreatedOnToolsVersion = 7.3;
					};
				};
			};
			buildConfigurationList = E13B69301CA1B285003BFC5D /* Build configuration list for PBXProject "TopShow" */;
			compatibilityVersion = "Xcode 3.2";
			developmentRegion = English;
			hasScannedForEncodings = 0;
			knownRegions = (
				en,
				Base,
			);
			mainGroup = E13B692C1CA1B285003BFC5D;
			productRefGroup = E13B69361CA1B285003BFC5D /* Products */;
			projectDirPath = "";
			projectRoot = "";
			targets = (
				E13B69341CA1B285003BFC5D /* TopShow */,
			);
		};
/* End PBXProject section */

/* Begin PBXResourcesBuildPhase section */
		E13B69331CA1B285003BFC5D /* Resources */ = {
			isa = PBXResourcesBuildPhase;
			buildActionMask = 2147483647;
			files = (
				E13B69431CA1B285003BFC5D /* LaunchScreen.storyboard in Resources */,
				E13B69401CA1B285003BFC5D /* Assets.xcassets in Resources */,
				E13B693E1CA1B285003BFC5D /* Main.storyboard in Resources */,
			);
			runOnlyForDeploymentPostprocessing = 0;
		};
/* End PBXResourcesBuildPhase section */

/* Begin PBXSourcesBuildPhase section */
		E13B69311CA1B285003BFC5D /* Sources */ = {
			isa = PBXSourcesBuildPhase;
			buildActionMask = 2147483647;
			files = (
				E13B69511CA1D190003BFC5D /* Show.swift in Sources */,
				E13B69391CA1B285003BFC5D /* AppDelegate.swift in Sources */,
				E13B69531CA1D1A0003BFC5D /* ShowList.swift in Sources */,
				E13B694D1CA1CFF9003BFC5D /* TopShowCollectionViewController.swift in Sources */,
				E1F899DD1CA3402300B33EDD /* ShowLayout.swift in Sources */,
				E13B69551CA1D1C3003BFC5D /* ShowCollectionViewCell.swift in Sources */,
			);
			runOnlyForDeploymentPostprocessing = 0;
		};
/* End PBXSourcesBuildPhase section */

/* Begin PBXVariantGroup section */
		E13B693C1CA1B285003BFC5D /* Main.storyboard */ = {
			isa = PBXVariantGroup;
			children = (
				E13B693D1CA1B285003BFC5D /* Base */,
			);
			name = Main.storyboard;
			sourceTree = "<group>";
		};
		E13B69411CA1B285003BFC5D /* LaunchScreen.storyboard */ = {
			isa = PBXVariantGroup;
			children = (
				E13B69421CA1B285003BFC5D /* Base */,
			);
			name = LaunchScreen.storyboard;
			sourceTree = "<group>";
		};
/* End PBXVariantGroup section */

/* Begin XCBuildConfiguration section */
		E13B69451CA1B285003BFC5D /* Debug */ = {
			isa = XCBuildConfiguration;
			buildSettings = {
				ALWAYS_SEARCH_USER_PATHS = NO;
				CLANG_ANALYZER_NONNULL = YES;
				CLANG_CXX_LANGUAGE_STANDARD = "gnu++0x";
				CLANG_CXX_LIBRARY = "libc++";
				CLANG_ENABLE_MODULES = YES;
				CLANG_ENABLE_OBJC_ARC = YES;
				CLANG_WARN_BOOL_CONVERSION = YES;
				CLANG_WARN_CONSTANT_CONVERSION = YES;
				CLANG_WARN_DIRECT_OBJC_ISA_USAGE = YES_ERROR;
				CLANG_WARN_EMPTY_BODY = YES;
				CLANG_WARN_ENUM_CONVERSION = YES;
				CLANG_WARN_INT_CONVERSION = YES;
				CLANG_WARN_OBJC_ROOT_CLASS = YES_ERROR;
				CLANG_WARN_UNREACHABLE_CODE = YES;
				CLANG_WARN__DUPLICATE_METHOD_MATCH = YES;
				"CODE_SIGN_IDENTITY[sdk=iphoneos*]" = "iPhone Developer";
				COPY_PHASE_STRIP = NO;
				DEBUG_INFORMATION_FORMAT = dwarf;
				ENABLE_STRICT_OBJC_MSGSEND = YES;
				ENABLE_TESTABILITY = YES;
				GCC_C_LANGUAGE_STANDARD = gnu99;
				GCC_DYNAMIC_NO_PIC = NO;
				GCC_NO_COMMON_BLOCKS = YES;
				GCC_OPTIMIZATION_LEVEL = 0;
				GCC_PREPROCESSOR_DEFINITIONS = (
					"DEBUG=1",
					"$(inherited)",
				);
				GCC_WARN_64_TO_32_BIT_CONVERSION = YES;
				GCC_WARN_ABOUT_RETURN_TYPE = YES_ERROR;
				GCC_WARN_UNDECLARED_SELECTOR = YES;
				GCC_WARN_UNINITIALIZED_AUTOS = YES_AGGRESSIVE;
				GCC_WARN_UNUSED_FUNCTION = YES;
				GCC_WARN_UNUSED_VARIABLE = YES;
				IPHONEOS_DEPLOYMENT_TARGET = 9.3;
				MTL_ENABLE_DEBUG_INFO = YES;
				ONLY_ACTIVE_ARCH = YES;
				SDKROOT = iphoneos;
				SWIFT_OPTIMIZATION_LEVEL = "-Onone";
			};
			name = Debug;
		};
		E13B69461CA1B285003BFC5D /* Release */ = {
			isa = XCBuildConfiguration;
			buildSettings = {
				ALWAYS_SEARCH_USER_PATHS = NO;
				CLANG_ANALYZER_NONNULL = YES;
				CLANG_CXX_LANGUAGE_STANDARD = "gnu++0x";
				CLANG_CXX_LIBRARY = "libc++";
				CLANG_ENABLE_MODULES = YES;
				CLANG_ENABLE_OBJC_ARC = YES;
				CLANG_WARN_BOOL_CONVERSION = YES;
				CLANG_WARN_CONSTANT_CONVERSION = YES;
				CLANG_WARN_DIRECT_OBJC_ISA_USAGE = YES_ERROR;
				CLANG_WARN_EMPTY_BODY = YES;
				CLANG_WARN_ENUM_CONVERSION = YES;
				CLANG_WARN_INT_CONVERSION = YES;
				CLANG_WARN_OBJC_ROOT_CLASS = YES_ERROR;
				CLANG_WARN_UNREACHABLE_CODE = YES;
				CLANG_WARN__DUPLICATE_METHOD_MATCH = YES;
				"CODE_SIGN_IDENTITY[sdk=iphoneos*]" = "iPhone Developer";
				COPY_PHASE_STRIP = NO;
				DEBUG_INFORMATION_FORMAT = "dwarf-with-dsym";
				ENABLE_NS_ASSERTIONS = NO;
				ENABLE_STRICT_OBJC_MSGSEND = YES;
				GCC_C_LANGUAGE_STANDARD = gnu99;
				GCC_NO_COMMON_BLOCKS = YES;
				GCC_WARN_64_TO_32_BIT_CONVERSION = YES;
				GCC_WARN_ABOUT_RETURN_TYPE = YES_ERROR;
				GCC_WARN_UNDECLARED_SELECTOR = YES;
				GCC_WARN_UNINITIALIZED_AUTOS = YES_AGGRESSIVE;
				GCC_WARN_UNUSED_FUNCTION = YES;
				GCC_WARN_UNUSED_VARIABLE = YES;
				IPHONEOS_DEPLOYMENT_TARGET = 9.3;
				MTL_ENABLE_DEBUG_INFO = NO;
				SDKROOT = iphoneos;
				VALIDATE_PRODUCT = YES;
			};
			name = Release;
		};
		E13B69481CA1B285003BFC5D /* Debug */ = {
			isa = XCBuildConfiguration;
			buildSettings = {
				ASSETCATALOG_COMPILER_APPICON_NAME = AppIcon;
				INFOPLIST_FILE = TopShow/Info.plist;
				LD_RUNPATH_SEARCH_PATHS = "$(inherited) @executable_path/Frameworks";
				PRODUCT_BUNDLE_IDENTIFIER = com.jaredFranzone.TopShow;
				PRODUCT_NAME = "$(TARGET_NAME)";
				TARGETED_DEVICE_FAMILY = "1,2";
			};
			name = Debug;
		};
		E13B69491CA1B285003BFC5D /* Release */ = {
			isa = XCBuildConfiguration;
			buildSettings = {
				ASSETCATALOG_COMPILER_APPICON_NAME = AppIcon;
				INFOPLIST_FILE = TopShow/Info.plist;
				LD_RUNPATH_SEARCH_PATHS = "$(inherited) @executable_path/Frameworks";
				PRODUCT_BUNDLE_IDENTIFIER = com.jaredFranzone.TopShow;
				PRODUCT_NAME = "$(TARGET_NAME)";
				TARGETED_DEVICE_FAMILY = "1,2";
			};
			name = Release;
		};
/* End XCBuildConfiguration section */

/* Begin XCConfigurationList section */
		E13B69301CA1B285003BFC5D /* Build configuration list for PBXProject "TopShow" */ = {
			isa = XCConfigurationList;
			buildConfigurations = (
				E13B69451CA1B285003BFC5D /* Debug */,
				E13B69461CA1B285003BFC5D /* Release */,
			);
			defaultConfigurationIsVisible = 0;
			defaultConfigurationName = Release;
		};
		E13B69471CA1B285003BFC5D /* Build configuration list for PBXNativeTarget "TopShow" */ = {
			isa = XCConfigurationList;
			buildConfigurations = (
				E13B69481CA1B285003BFC5D /* Debug */,
				E13B69491CA1B285003BFC5D /* Release */,
			);
			defaultConfigurationIsVisible = 0;
			defaultConfigurationName = Release;
		};
/* End XCConfigurationList section */
	};
	rootObject = E13B692D1CA1B285003BFC5D /* Project object */;
}
